<?xml version="1.0" encoding="utf-8"?>
<Project ToolsVersion="4.0" xmlns="http://schemas.microsoft.com/developer/msbuild/2003">
  <ItemGroup>
    <Filter Include="Source Files">
      <UniqueIdentifier>{4FC737F1-C7A5-4376-A066-2A32D752A2FF}</UniqueIdentifier>
      <Extensions>cpp;c;cc;cxx;c++;cppm;ixx;def;odl;idl;hpj;bat;asm;asmx</Extensions>
    </Filter>
    <Filter Include="Header Files">
      <UniqueIdentifier>{93995380-89BD-4b04-88EB-625FBE52EBFB}</UniqueIdentifier>
      <Extensions>h;hh;hpp;hxx;h++;hm;inl;inc;ipp;xsd</Extensions>
    </Filter>
    <Filter Include="Resource Files">
      <UniqueIdentifier>{67DA6AB6-F800-4c08-8B7A-83BB121AAD01}</UniqueIdentifier>
      <Extensions>rc;ico;cur;bmp;dlg;rc2;rct;bin;rgs;gif;jpg;jpeg;jpe;resx;tiff;tif;png;wav;mfcribbon-ms</Extensions>
    </Filter>
  </ItemGroup>
  <ItemGroup>
    <ClCompile Include="source\Main.cpp">
      <Filter>Source Files</Filter>
    </ClCompile>
    <ClCompile Include="source\TimeManager.cpp">
      <Filter>Source Files</Filter>
    </ClCompile>
    <ClCompile Include="source\RenderManager.cpp">
      <Filter>Source Files</Filter>
    </ClCompile>
    <ClCompile Include="source\InputManager.cpp">
      <Filter>Source Files</Filter>
    </ClCompile>
    <ClCompile Include="source\ImageRenderer.cpp">
      <Filter>Source Files</Filter>
    </ClCompile>
    <ClCompile Include="source\Object.cpp">
      <Filter>Source Files</Filter>
    </ClCompile>
    <ClCompile Include="source\RigidBody.cpp">
      <Filter>Source Files</Filter>
    </ClCompile>
    <ClCompile Include="source\Scene.cpp">
      <Filter>Source Files</Filter>
    </ClCompile>
    <ClCompile Include="source\SceneManager.cpp">
      <Filter>Source Files</Filter>
    </ClCompile>
    <ClCompile Include="source\Player.cpp">
      <Filter>Source Files</Filter>
    </ClCompile>
    <ClCompile Include="source\Bullet.cpp">
      <Filter>Source Files</Filter>
    </ClCompile>
    <ClCompile Include="source\Enemy.cpp">
      <Filter>Source Files</Filter>
    </ClCompile>
    <ClCompile Include="source\Background.cpp">
      <Filter>Source Files</Filter>
    </ClCompile>
    <ClCompile Include="source\Game.cpp">
      <Filter>Source Files</Filter>
    </ClCompile>
    <ClCompile Include="source\TextRenderer.cpp">
      <Filter>Source Files</Filter>
    </ClCompile>
    <ClCompile Include="source\PowerUp.cpp">
      <Filter>Source Files</Filter>
    </ClCompile>
    <ClCompile Include="source\EnemyStateMachine.cpp">
      <Filter>Source Files</Filter>
    </ClCompile>
    <ClCompile Include="source\WaveManager.cpp">
      <Filter>Source Files</Filter>
    </ClCompile>
  </ItemGroup>
  <ItemGroup>
    <ClInclude Include="source\Vector2.h">
      <Filter>Source Files</Filter>
    </ClInclude>
    <ClInclude Include="source\Transform.h">
      <Filter>Source Files</Filter>
    </ClInclude>
    <ClInclude Include="source\TimeManager.h">
      <Filter>Source Files</Filter>
    </ClInclude>
    <ClInclude Include="source\RenderManager.h">
      <Filter>Source Files</Filter>
    </ClInclude>
    <ClInclude Include="source\InputManager.h">
      <Filter>Source Files</Filter>
    </ClInclude>
    <ClInclude Include="source\AABB.h">
      <Filter>Header Files</Filter>
    </ClInclude>
    <ClInclude Include="source\ImageObject.h">
      <Filter>Header Files</Filter>
    </ClInclude>
    <ClInclude Include="source\ImageRenderer.h">
      <Filter>Header Files</Filter>
    </ClInclude>
    <ClInclude Include="source\Object.h">
      <Filter>Header Files</Filter>
    </ClInclude>
    <ClInclude Include="source\Renderer.h">
      <Filter>Header Files</Filter>
    </ClInclude>
    <ClInclude Include="source\RigidBody.h">
      <Filter>Header Files</Filter>
    </ClInclude>
    <ClInclude Include="source\Scene.h">
      <Filter>Source Files</Filter>
    </ClInclude>
    <ClInclude Include="source\SceneManager.h">
      <Filter>Source Files</Filter>
    </ClInclude>
    <ClInclude Include="source\MainMenu.h">
      <Filter>Source Files</Filter>
    </ClInclude>
    <ClInclude Include="source\Gameplay.h">
      <Filter>Source Files</Filter>
    </ClInclude>
    <ClInclude Include="source\Player.h">
      <Filter>Source Files</Filter>
    </ClInclude>
    <ClInclude Include="source\Bullet.h">
      <Filter>Source Files</Filter>
    </ClInclude>
    <ClInclude Include="source\Enemy.h">
      <Filter>Source Files</Filter>
    </ClInclude>
    <ClInclude Include="source\Background.h">
      <Filter>Source Files</Filter>
    </ClInclude>
    <ClInclude Include="source\Game.h">
      <Filter>Source Files</Filter>
    </ClInclude>
    <ClInclude Include="source\TextRenderer.h">
      <Filter>Source Files</Filter>
    </ClInclude>
    <ClInclude Include="source\TextObject.h">
      <Filter>Source Files</Filter>
    </ClInclude>
    <ClInclude Include="source\PowerUp.h">
      <Filter>Source Files</Filter>
    </ClInclude>
    <ClInclude Include="source\EnemyStateMachine.h">
      <Filter>Source Files</Filter>
    </ClInclude>
    <ClInclude Include="source\BubbleEnemy.h">
      <Filter>Source Files</Filter>
    </ClInclude>
    <ClInclude Include="source\HorizontalMedusaEnemy.h">
      <Filter>Source Files</Filter>
    </ClInclude>
    <ClInclude Include="source\KillerWhaleEnemy.h">
      <Filter>Source Files</Filter>
    </ClInclude>
    <ClInclude Include="source\VerticalMedusaEnemy.h">
      <Filter>Source Files</Filter>
    </ClInclude>
    <ClInclude Include="source\BeholderEnemy.h">
      <Filter>Source Files</Filter>
    </ClInclude>
    <ClInclude Include="source\ChomperEnemy.h">
      <Filter>Source Files</Filter>
    </ClInclude>
    <ClInclude Include="source\AmoebaEnemy.h">
      <Filter>Source Files</Filter>
    </ClInclude>
    <ClInclude Include="source\CirclerEnemy.h">
      <Filter>Source Files</Filter>
    </ClInclude>
    <ClInclude Include="source\BioTitanBoss.h">
      <Filter>Source Files</Filter>
    </ClInclude>
    <ClInclude Include="source\WaveManager.h">
      <Filter>Header Files</Filter>
    </ClInclude>
    <ClInclude Include="source\GameOverScreen.h">
      <Filter>Source Files</Filter>
    </ClInclude>
    <ClInclude Include="source\AngrygonsEnemy.h">
      <Filter>Header Files</Filter>
    </ClInclude>
    <ClInclude Include="source\AnnoyerEnemy.h">
      <Filter>Header Files</Filter>
    </ClInclude>
    <ClInclude Include="source\DanielsEnemy.h">
      <Filter>Header Files</Filter>
    </ClInclude>
    <ClInclude Include="source\MissileEnemy.h">
      <Filter>Header Files</Filter>
    </ClInclude>
    <ClInclude Include="source\NukeEnemy.h">
      <Filter>Header Files</Filter>
    </ClInclude>
    <ClInclude Include="source\RoboKrabsEnemy.h">
      <Filter>Header Files</Filter>
    </ClInclude>
    <ClInclude Include="source\SpaceBoss.h">
      <Filter>Header Files</Filter>
    </ClInclude>
    <ClInclude Include="source\TorpedoEnemy.h">
      <Filter>Header Files</Filter>
    </ClInclude>
    <ClInclude Include="source\TurboChainsaw.h">
      <Filter>Header Files</Filter>
    </ClInclude>
    <ClInclude Include="source\UfoEnemy.h">
      <Filter>Header Files</Filter>
    </ClInclude>
    <ClInclude Include="source\Level2Intro.h">
      <Filter>Source Files</Filter>
    </ClInclude>
    <ClInclude Include="source\GameplayLevel2.h">
      <Filter>Source Files</Filter>
    </ClInclude>
    <ClInclude Include="source\SplashScreen.h">
      <Filter>Source Files</Filter>
    </ClInclude>
    <ClInclude Include="AtomicWraper.h">
      <Filter>Source Files</Filter>
    </ClInclude>
    <ClInclude Include="source\AtomicWrapper.h">
      <Filter>Source Files</Filter>
    </ClInclude>
  </ItemGroup>
</Project>